github.com/shu-go/gotwant v0.0.0-20190920074605-b4f19c0bac91 h1:nwDc3kHbf9scf1UZIWiWw5tZF3Z4yOJAMjNN+kYXJwE=
github.com/shu-go/gotwant v0.0.0-20190920074605-b4f19c0bac91/go.mod h1:FZepfqvib0mXjHiaQPTv0RUD5QMpMA/FHLfBQjZRRQg=
github.com/shu-go/jbdec v0.0.0-20220921010705-e868957092eb h1:pXgRecLXEnu1sBH2U7u17VQCiQ4kIwfHEGPQ/VMy4E0=
github.com/shu-go/jbdec v0.0.0-20220921010705-e868957092eb/go.mod h1:q+VLmH05GrhUKFQtlA0xoPHr+UUyl6dkhGPZmV5Pvic=
github.com/shu-go/jbdec v0.0.0-20231016080759-9d3d689232f6 h1:wJl9Khh7W4Hcw9AvET8K2N/UPZptTujWK+6XZemwxaU=
github.com/shu-go/jbdec v0.0.0-20231016080759-9d3d689232f6/go.mod h1:MxVrqNP/f4D1hBSxVx9Pji03NnsQlDfnNlDea9uLyu4=
